
Microsoft Visual Studio Solution File, Format Version 12.00
# Visual Studio Version 16
VisualStudioVersion = 16.0.32602.291
MinimumVisualStudioVersion = 10.0.40219.1
Project("{FAE04EC0-301F-11D3-BF4B-00C04F79EFBC}") = "Assignment2", "Assignment2\Assignment2.csproj", "{C70A5357-D4A1-4467-8223-A397D3F45E28}"
EndProject
Global
	GlobalSection(SolutionConfigurationPlatforms) = preSolution
		Debug|Any CPU = Debug|Any CPU
		Release|Any CPU = Release|Any CPU
	EndGlobalSection
	GlobalSection(ProjectConfigurationPlatforms) = postSolution
		{C70A5357-D4A1-4467-8223-A397D3F45E28}.Debug|Any CPU.ActiveCfg = Debug|Any CPU
		{C70A5357-D4A1-4467-8223-A397D3F45E28}.Debug|Any CPU.Build.0 = Debug|Any CPU
		{C70A5357-D4A1-4467-8223-A397D3F45E28}.Release|Any CPU.ActiveCfg = Release|Any CPU
		{C70A5357-D4A1-4467-8223-A397D3F45E28}.Release|Any CPU.Build.0 = Release|Any CPU
	EndGlobalSection
	GlobalSection(SolutionProperties) = preSolution
		HideSolutionNode = FALSE
	EndGlobalSection
	GlobalSection(ExtensibilityGlobals) = postSolution
		SolutionGuid = {266B154C-2B06-4381-B3F1-AE7820ABA658}
	EndGlobalSection
EndGlobal
