
Microsoft Visual Studio Solution File, Format Version 12.00
# Visual Studio Version 16
VisualStudioVersion = 16.0.32602.291
MinimumVisualStudioVersion = 10.0.40219.1
Project("{FAE04EC0-301F-11D3-BF4B-00C04F79EFBC}") = "Practice1", "Practice1\Practice1.csproj", "{CA008913-8E21-446B-AECD-1C13B9D8CC24}"
EndProject
Global
	GlobalSection(SolutionConfigurationPlatforms) = preSolution
		Debug|Any CPU = Debug|Any CPU
		Release|Any CPU = Release|Any CPU
	EndGlobalSection
	GlobalSection(ProjectConfigurationPlatforms) = postSolution
		{CA008913-8E21-446B-AECD-1C13B9D8CC24}.Debug|Any CPU.ActiveCfg = Debug|Any CPU
		{CA008913-8E21-446B-AECD-1C13B9D8CC24}.Debug|Any CPU.Build.0 = Debug|Any CPU
		{CA008913-8E21-446B-AECD-1C13B9D8CC24}.Release|Any CPU.ActiveCfg = Release|Any CPU
		{CA008913-8E21-446B-AECD-1C13B9D8CC24}.Release|Any CPU.Build.0 = Release|Any CPU
	EndGlobalSection
	GlobalSection(SolutionProperties) = preSolution
		HideSolutionNode = FALSE
	EndGlobalSection
	GlobalSection(ExtensibilityGlobals) = postSolution
		SolutionGuid = {6FFEB360-9A53-4EAC-AC0C-461D0036C448}
	EndGlobalSection
EndGlobal
