
Microsoft Visual Studio Solution File, Format Version 12.00
# Visual Studio Version 16
VisualStudioVersion = 16.0.32602.291
MinimumVisualStudioVersion = 10.0.40219.1
Project("{FAE04EC0-301F-11D3-BF4B-00C04F79EFBC}") = "Practice1", "Practice1\Practice1.csproj", "{3E511741-1A5D-40E3-A66D-0B7530D1E13A}"
EndProject
Global
	GlobalSection(SolutionConfigurationPlatforms) = preSolution
		Debug|Any CPU = Debug|Any CPU
		Release|Any CPU = Release|Any CPU
	EndGlobalSection
	GlobalSection(ProjectConfigurationPlatforms) = postSolution
		{3E511741-1A5D-40E3-A66D-0B7530D1E13A}.Debug|Any CPU.ActiveCfg = Debug|Any CPU
		{3E511741-1A5D-40E3-A66D-0B7530D1E13A}.Debug|Any CPU.Build.0 = Debug|Any CPU
		{3E511741-1A5D-40E3-A66D-0B7530D1E13A}.Release|Any CPU.ActiveCfg = Release|Any CPU
		{3E511741-1A5D-40E3-A66D-0B7530D1E13A}.Release|Any CPU.Build.0 = Release|Any CPU
	EndGlobalSection
	GlobalSection(SolutionProperties) = preSolution
		HideSolutionNode = FALSE
	EndGlobalSection
	GlobalSection(ExtensibilityGlobals) = postSolution
		SolutionGuid = {40587AD1-7F34-4A1C-8BD3-245705D28285}
	EndGlobalSection
EndGlobal
