
Microsoft Visual Studio Solution File, Format Version 12.00
# Visual Studio Version 16
VisualStudioVersion = 16.0.32602.291
MinimumVisualStudioVersion = 10.0.40219.1
Project("{FAE04EC0-301F-11D3-BF4B-00C04F79EFBC}") = "Practice1", "Practice1\Practice1.csproj", "{7C7C8A57-C453-4211-8515-B5C28CC56BAA}"
EndProject
Global
	GlobalSection(SolutionConfigurationPlatforms) = preSolution
		Debug|Any CPU = Debug|Any CPU
		Release|Any CPU = Release|Any CPU
	EndGlobalSection
	GlobalSection(ProjectConfigurationPlatforms) = postSolution
		{7C7C8A57-C453-4211-8515-B5C28CC56BAA}.Debug|Any CPU.ActiveCfg = Debug|Any CPU
		{7C7C8A57-C453-4211-8515-B5C28CC56BAA}.Debug|Any CPU.Build.0 = Debug|Any CPU
		{7C7C8A57-C453-4211-8515-B5C28CC56BAA}.Release|Any CPU.ActiveCfg = Release|Any CPU
		{7C7C8A57-C453-4211-8515-B5C28CC56BAA}.Release|Any CPU.Build.0 = Release|Any CPU
	EndGlobalSection
	GlobalSection(SolutionProperties) = preSolution
		HideSolutionNode = FALSE
	EndGlobalSection
	GlobalSection(ExtensibilityGlobals) = postSolution
		SolutionGuid = {55C86021-56A0-483C-A8BD-5B11435A5945}
	EndGlobalSection
EndGlobal
